// !$*UTF8*$!
{
	archiveVersion = 1;
	classes = {
	};
	objectVersion = 55;
	objects = {

/* Begin PBXBuildFile section */
		AB1C988F292E1FE4006B9460 /* AppDelegate.swift in Sources */ = {isa = PBXBuildFile; fileRef = AB1C988E292E1FE4006B9460 /* AppDelegate.swift */; };
		AB1C9891292E1FE4006B9460 /* SceneDelegate.swift in Sources */ = {isa = PBXBuildFile; fileRef = AB1C9890292E1FE4006B9460 /* SceneDelegate.swift */; };
		AB1C9893292E1FE4006B9460 /* ViewController.swift in Sources */ = {isa = PBXBuildFile; fileRef = AB1C9892292E1FE4006B9460 /* ViewController.swift */; };
		AB1C9896292E1FE4006B9460 /* Main.storyboard in Resources */ = {isa = PBXBuildFile; fileRef = AB1C9894292E1FE4006B9460 /* Main.storyboard */; };
		AB1C9898292E1FE6006B9460 /* Assets.xcassets in Resources */ = {isa = PBXBuildFile; fileRef = AB1C9897292E1FE6006B9460 /* Assets.xcassets */; };
		AB1C989B292E1FE6006B9460 /* LaunchScreen.storyboard in Resources */ = {isa = PBXBuildFile; fileRef = AB1C9899292E1FE6006B9460 /* LaunchScreen.storyboard */; };
		AB1C98A3292E273B006B9460 /* Profile.swift in Sources */ = {isa = PBXBuildFile; fileRef = AB1C98A2292E273B006B9460 /* Profile.swift */; };
		AB1C98A5292E28DF006B9460 /* ProfileCell.swift in Sources */ = {isa = PBXBuildFile; fileRef = AB1C98A4292E28DF006B9460 /* ProfileCell.swift */; };
/* End PBXBuildFile section */

/* Begin PBXFileReference section */
		AB1C988B292E1FE4006B9460 /* MVC-2.app */ = {isa = PBXFileReference; explicitFileType = wrapper.application; includeInIndex = 0; path = "MVC-2.app"; sourceTree = BUILT_PRODUCTS_DIR; };
		AB1C988E292E1FE4006B9460 /* AppDelegate.swift */ = {isa = PBXFileReference; lastKnownFileType = sourcecode.swift; path = AppDelegate.swift; sourceTree = "<group>"; };
		AB1C9890292E1FE4006B9460 /* SceneDelegate.swift */ = {isa = PBXFileReference; lastKnownFileType = sourcecode.swift; path = SceneDelegate.swift; sourceTree = "<group>"; };
		AB1C9892292E1FE4006B9460 /* ViewController.swift */ = {isa = PBXFileReference; lastKnownFileType = sourcecode.swift; path = ViewController.swift; sourceTree = "<group>"; };
		AB1C9895292E1FE4006B9460 /* Base */ = {isa = PBXFileReference; lastKnownFileType = file.storyboard; name = Base; path = Base.lproj/Main.storyboard; sourceTree = "<group>"; };
		AB1C9897292E1FE6006B9460 /* Assets.xcassets */ = {isa = PBXFileReference; lastKnownFileType = folder.assetcatalog; path = Assets.xcassets; sourceTree = "<group>"; };
		AB1C989A292E1FE6006B9460 /* Base */ = {isa = PBXFileReference; lastKnownFileType = file.storyboard; name = Base; path = Base.lproj/LaunchScreen.storyboard; sourceTree = "<group>"; };
		AB1C989C292E1FE6006B9460 /* Info.plist */ = {isa = PBXFileReference; lastKnownFileType = text.plist.xml; path = Info.plist; sourceTree = "<group>"; };
		AB1C98A2292E273B006B9460 /* Profile.swift */ = {isa = PBXFileReference; lastKnownFileType = sourcecode.swift; path = Profile.swift; sourceTree = "<group>"; };
		AB1C98A4292E28DF006B9460 /* ProfileCell.swift */ = {isa = PBXFileReference; lastKnownFileType = sourcecode.swift; path = ProfileCell.swift; sourceTree = "<group>"; };
/* End PBXFileReference section */

/* Begin PBXFrameworksBuildPhase section */
		AB1C9888292E1FE4006B9460 /* Frameworks */ = {
			isa = PBXFrameworksBuildPhase;
			buildActionMask = 2147483647;
			files = (
			);
			runOnlyForDeploymentPostprocessing = 0;
		};
/* End PBXFrameworksBuildPhase section */

/* Begin PBXGroup section */
		AB1C9882292E1FE4006B9460 = {
			isa = PBXGroup;
			children = (
				AB1C988D292E1FE4006B9460 /* MVC-2 */,
				AB1C988C292E1FE4006B9460 /* Products */,
			);
			sourceTree = "<group>";
		};
		AB1C988C292E1FE4006B9460 /* Products */ = {
			isa = PBXGroup;
			children = (
				AB1C988B292E1FE4006B9460 /* MVC-2.app */,
			);
			name = Products;
			sourceTree = "<group>";
		};
		AB1C988D292E1FE4006B9460 /* MVC-2 */ = {
			isa = PBXGroup;
			children = (
				AB1C988E292E1FE4006B9460 /* AppDelegate.swift */,
				AB1C9890292E1FE4006B9460 /* SceneDelegate.swift */,
				AB1C98A7292E2902006B9460 /* Model */,
				AB1C98A6292E28E3006B9460 /* View */,
				AB1C9892292E1FE4006B9460 /* ViewController.swift */,
				AB1C9894292E1FE4006B9460 /* Main.storyboard */,
				AB1C9897292E1FE6006B9460 /* Assets.xcassets */,
				AB1C9899292E1FE6006B9460 /* LaunchScreen.storyboard */,
				AB1C989C292E1FE6006B9460 /* Info.plist */,
			);
			path = "MVC-2";
			sourceTree = "<group>";
		};
		AB1C98A6292E28E3006B9460 /* View */ = {
			isa = PBXGroup;
			children = (
				AB1C98A4292E28DF006B9460 /* ProfileCell.swift */,
			);
			path = View;
			sourceTree = "<group>";
		};
		AB1C98A7292E2902006B9460 /* Model */ = {
			isa = PBXGroup;
			children = (
				AB1C98A2292E273B006B9460 /* Profile.swift */,
			);
			path = Model;
			sourceTree = "<group>";
		};
/* End PBXGroup section */

/* Begin PBXNativeTarget section */
		AB1C988A292E1FE4006B9460 /* MVC-2 */ = {
			isa = PBXNativeTarget;
			buildConfigurationList = AB1C989F292E1FE6006B9460 /* Build configuration list for PBXNativeTarget "MVC-2" */;
			buildPhases = (
				AB1C9887292E1FE4006B9460 /* Sources */,
				AB1C9888292E1FE4006B9460 /* Frameworks */,
				AB1C9889292E1FE4006B9460 /* Resources */,
			);
			buildRules = (
			);
			dependencies = (
			);
			name = "MVC-2";
			productName = "MVC-2";
			productReference = AB1C988B292E1FE4006B9460 /* MVC-2.app */;
			productType = "com.apple.product-type.application";
		};
/* End PBXNativeTarget section */

/* Begin PBXProject section */
		AB1C9883292E1FE4006B9460 /* Project object */ = {
			isa = PBXProject;
			attributes = {
				BuildIndependentTargetsInParallel = 1;
				LastSwiftUpdateCheck = 1340;
				LastUpgradeCheck = 1340;
				TargetAttributes = {
					AB1C988A292E1FE4006B9460 = {
						CreatedOnToolsVersion = 13.4.1;
					};
				};
			};
			buildConfigurationList = AB1C9886292E1FE4006B9460 /* Build configuration list for PBXProject "MVC-2" */;
			compatibilityVersion = "Xcode 13.0";
			developmentRegion = en;
			hasScannedForEncodings = 0;
			knownRegions = (
				en,
				Base,
			);
			mainGroup = AB1C9882292E1FE4006B9460;
			productRefGroup = AB1C988C292E1FE4006B9460 /* Products */;
			projectDirPath = "";
			projectRoot = "";
			targets = (
				AB1C988A292E1FE4006B9460 /* MVC-2 */,
			);
		};
/* End PBXProject section */

/* Begin PBXResourcesBuildPhase section */
		AB1C9889292E1FE4006B9460 /* Resources */ = {
			isa = PBXResourcesBuildPhase;
			buildActionMask = 2147483647;
			files = (
				AB1C989B292E1FE6006B9460 /* LaunchScreen.storyboard in Resources */,
				AB1C9898292E1FE6006B9460 /* Assets.xcassets in Resources */,
				AB1C9896292E1FE4006B9460 /* Main.storyboard in Resources */,
			);
			runOnlyForDeploymentPostprocessing = 0;
		};
/* End PBXResourcesBuildPhase section */

/* Begin PBXSourcesBuildPhase section */
		AB1C9887292E1FE4006B9460 /* Sources */ = {
			isa = PBXSourcesBuildPhase;
			buildActionMask = 2147483647;
			files = (
				AB1C9893292E1FE4006B9460 /* ViewController.swift in Sources */,
				AB1C98A3292E273B006B9460 /* Profile.swift in Sources */,
				AB1C988F292E1FE4006B9460 /* AppDelegate.swift in Sources */,
				AB1C9891292E1FE4006B9460 /* SceneDelegate.swift in Sources */,
				AB1C98A5292E28DF006B9460 /* ProfileCell.swift in Sources */,
			);
			runOnlyForDeploymentPostprocessing = 0;
		};
/* End PBXSourcesBuildPhase section */

/* Begin PBXVariantGroup section */
		AB1C9894292E1FE4006B9460 /* Main.storyboard */ = {
			isa = PBXVariantGroup;
			children = (
				AB1C9895292E1FE4006B9460 /* Base */,
			);
			name = Main.storyboard;
			sourceTree = "<group>";
		};
		AB1C9899292E1FE6006B9460 /* LaunchScreen.storyboard */ = {
			isa = PBXVariantGroup;
			children = (
				AB1C989A292E1FE6006B9460 /* Base */,
			);
			name = LaunchScreen.storyboard;
			sourceTree = "<group>";
		};
/* End PBXVariantGroup section */

/* Begin XCBuildConfiguration section */
		AB1C989D292E1FE6006B9460 /* Debug */ = {
			isa = XCBuildConfiguration;
			buildSettings = {
				ALWAYS_SEARCH_USER_PATHS = NO;
				CLANG_ANALYZER_NONNULL = YES;
				CLANG_ANALYZER_NUMBER_OBJECT_CONVERSION = YES_AGGRESSIVE;
				CLANG_CXX_LANGUAGE_STANDARD = "gnu++17";
				CLANG_ENABLE_MODULES = YES;
				CLANG_ENABLE_OBJC_ARC = YES;
				CLANG_ENABLE_OBJC_WEAK = YES;
				CLANG_WARN_BLOCK_CAPTURE_AUTORELEASING = YES;
				CLANG_WARN_BOOL_CONVERSION = YES;
				CLANG_WARN_COMMA = YES;
				CLANG_WARN_CONSTANT_CONVERSION = YES;
				CLANG_WARN_DEPRECATED_OBJC_IMPLEMENTATIONS = YES;
				CLANG_WARN_DIRECT_OBJC_ISA_USAGE = YES_ERROR;
				CLANG_WARN_DOCUMENTATION_COMMENTS = YES;
				CLANG_WARN_EMPTY_BODY = YES;
				CLANG_WARN_ENUM_CONVERSION = YES;
				CLANG_WARN_INFINITE_RECURSION = YES;
				CLANG_WARN_INT_CONVERSION = YES;
				CLANG_WARN_NON_LITERAL_NULL_CONVERSION = YES;
				CLANG_WARN_OBJC_IMPLICIT_RETAIN_SELF = YES;
				CLANG_WARN_OBJC_LITERAL_CONVERSION = YES;
				CLANG_WARN_OBJC_ROOT_CLASS = YES_ERROR;
				CLANG_WARN_QUOTED_INCLUDE_IN_FRAMEWORK_HEADER = YES;
				CLANG_WARN_RANGE_LOOP_ANALYSIS = YES;
				CLANG_WARN_STRICT_PROTOTYPES = YES;
				CLANG_WARN_SUSPICIOUS_MOVE = YES;
				CLANG_WARN_UNGUARDED_AVAILABILITY = YES_AGGRESSIVE;
				CLANG_WARN_UNREACHABLE_CODE = YES;
				CLANG_WARN__DUPLICATE_METHOD_MATCH = YES;
				COPY_PHASE_STRIP = NO;
				DEBUG_INFORMATION_FORMAT = dwarf;
				ENABLE_STRICT_OBJC_MSGSEND = YES;
				ENABLE_TESTABILITY = YES;
				GCC_C_LANGUAGE_STANDARD = gnu11;
				GCC_DYNAMIC_NO_PIC = NO;
				GCC_NO_COMMON_BLOCKS = YES;
				GCC_OPTIMIZATION_LEVEL = 0;
				GCC_PREPROCESSOR_DEFINITIONS = (
					"DEBUG=1",
					"$(inherited)",
				);
				GCC_WARN_64_TO_32_BIT_CONVERSION = YES;
				GCC_WARN_ABOUT_RETURN_TYPE = YES_ERROR;
				GCC_WARN_UNDECLARED_SELECTOR = YES;
				GCC_WARN_UNINITIALIZED_AUTOS = YES_AGGRESSIVE;
				GCC_WARN_UNUSED_FUNCTION = YES;
				GCC_WARN_UNUSED_VARIABLE = YES;
				IPHONEOS_DEPLOYMENT_TARGET = 15.5;
				MTL_ENABLE_DEBUG_INFO = INCLUDE_SOURCE;
				MTL_FAST_MATH = YES;
				ONLY_ACTIVE_ARCH = YES;
				SDKROOT = iphoneos;
				SWIFT_ACTIVE_COMPILATION_CONDITIONS = DEBUG;
				SWIFT_OPTIMIZATION_LEVEL = "-Onone";
			};
			name = Debug;
		};
		AB1C989E292E1FE6006B9460 /* Release */ = {
			isa = XCBuildConfiguration;
			buildSettings = {
				ALWAYS_SEARCH_USER_PATHS = NO;
				CLANG_ANALYZER_NONNULL = YES;
				CLANG_ANALYZER_NUMBER_OBJECT_CONVERSION = YES_AGGRESSIVE;
				CLANG_CXX_LANGUAGE_STANDARD = "gnu++17";
				CLANG_ENABLE_MODULES = YES;
				CLANG_ENABLE_OBJC_ARC = YES;
				CLANG_ENABLE_OBJC_WEAK = YES;
				CLANG_WARN_BLOCK_CAPTURE_AUTORELEASING = YES;
				CLANG_WARN_BOOL_CONVERSION = YES;
				CLANG_WARN_COMMA = YES;
				CLANG_WARN_CONSTANT_CONVERSION = YES;
				CLANG_WARN_DEPRECATED_OBJC_IMPLEMENTATIONS = YES;
				CLANG_WARN_DIRECT_OBJC_ISA_USAGE = YES_ERROR;
				CLANG_WARN_DOCUMENTATION_COMMENTS = YES;
				CLANG_WARN_EMPTY_BODY = YES;
				CLANG_WARN_ENUM_CONVERSION = YES;
				CLANG_WARN_INFINITE_RECURSION = YES;
				CLANG_WARN_INT_CONVERSION = YES;
				CLANG_WARN_NON_LITERAL_NULL_CONVERSION = YES;
				CLANG_WARN_OBJC_IMPLICIT_RETAIN_SELF = YES;
				CLANG_WARN_OBJC_LITERAL_CONVERSION = YES;
				CLANG_WARN_OBJC_ROOT_CLASS = YES_ERROR;
				CLANG_WARN_QUOTED_INCLUDE_IN_FRAMEWORK_HEADER = YES;
				CLANG_WARN_RANGE_LOOP_ANALYSIS = YES;
				CLANG_WARN_STRICT_PROTOTYPES = YES;
				CLANG_WARN_SUSPICIOUS_MOVE = YES;
				CLANG_WARN_UNGUARDED_AVAILABILITY = YES_AGGRESSIVE;
				CLANG_WARN_UNREACHABLE_CODE = YES;
				CLANG_WARN__DUPLICATE_METHOD_MATCH = YES;
				COPY_PHASE_STRIP = NO;
				DEBUG_INFORMATION_FORMAT = "dwarf-with-dsym";
				ENABLE_NS_ASSERTIONS = NO;
				ENABLE_STRICT_OBJC_MSGSEND = YES;
				GCC_C_LANGUAGE_STANDARD = gnu11;
				GCC_NO_COMMON_BLOCKS = YES;
				GCC_WARN_64_TO_32_BIT_CONVERSION = YES;
				GCC_WARN_ABOUT_RETURN_TYPE = YES_ERROR;
				GCC_WARN_UNDECLARED_SELECTOR = YES;
				GCC_WARN_UNINITIALIZED_AUTOS = YES_AGGRESSIVE;
				GCC_WARN_UNUSED_FUNCTION = YES;
				GCC_WARN_UNUSED_VARIABLE = YES;
				IPHONEOS_DEPLOYMENT_TARGET = 15.5;
				MTL_ENABLE_DEBUG_INFO = NO;
				MTL_FAST_MATH = YES;
				SDKROOT = iphoneos;
				SWIFT_COMPILATION_MODE = wholemodule;
				SWIFT_OPTIMIZATION_LEVEL = "-O";
				VALIDATE_PRODUCT = YES;
			};
			name = Release;
		};
		AB1C98A0292E1FE6006B9460 /* Debug */ = {
			isa = XCBuildConfiguration;
			buildSettings = {
				ASSETCATALOG_COMPILER_APPICON_NAME = AppIcon;
				ASSETCATALOG_COMPILER_GLOBAL_ACCENT_COLOR_NAME = AccentColor;
				CODE_SIGN_STYLE = Automatic;
				CURRENT_PROJECT_VERSION = 1;
				DEVELOPMENT_TEAM = 595NK55QRF;
				GENERATE_INFOPLIST_FILE = YES;
				INFOPLIST_FILE = "MVC-2/Info.plist";
				INFOPLIST_KEY_UIApplicationSupportsIndirectInputEvents = YES;
				INFOPLIST_KEY_UILaunchStoryboardName = LaunchScreen;
				INFOPLIST_KEY_UIMainStoryboardFile = Main;
				INFOPLIST_KEY_UISupportedInterfaceOrientations_iPad = "UIInterfaceOrientationPortrait UIInterfaceOrientationPortraitUpsideDown UIInterfaceOrientationLandscapeLeft UIInterfaceOrientationLandscapeRight";
				INFOPLIST_KEY_UISupportedInterfaceOrientations_iPhone = "UIInterfaceOrientationPortrait UIInterfaceOrientationLandscapeLeft UIInterfaceOrientationLandscapeRight";
				LD_RUNPATH_SEARCH_PATHS = (
					"$(inherited)",
					"@executable_path/Frameworks",
				);
				MARKETING_VERSION = 1.0;
				PRODUCT_BUNDLE_IDENTIFIER = "com.example.MVC-2";
				PRODUCT_NAME = "$(TARGET_NAME)";
				SWIFT_EMIT_LOC_STRINGS = YES;
				SWIFT_VERSION = 5.0;
				TARGETED_DEVICE_FAMILY = "1,2";
			};
			name = Debug;
		};
		AB1C98A1292E1FE6006B9460 /* Release */ = {
			isa = XCBuildConfiguration;
			buildSettings = {
				ASSETCATALOG_COMPILER_APPICON_NAME = AppIcon;
				ASSETCATALOG_COMPILER_GLOBAL_ACCENT_COLOR_NAME = AccentColor;
				CODE_SIGN_STYLE = Automatic;
				CURRENT_PROJECT_VERSION = 1;
				DEVELOPMENT_TEAM = 595NK55QRF;
				GENERATE_INFOPLIST_FILE = YES;
				INFOPLIST_FILE = "MVC-2/Info.plist";
				INFOPLIST_KEY_UIApplicationSupportsIndirectInputEvents = YES;
				INFOPLIST_KEY_UILaunchStoryboardName = LaunchScreen;
				INFOPLIST_KEY_UIMainStoryboardFile = Main;
				INFOPLIST_KEY_UISupportedInterfaceOrientations_iPad = "UIInterfaceOrientationPortrait UIInterfaceOrientationPortraitUpsideDown UIInterfaceOrientationLandscapeLeft UIInterfaceOrientationLandscapeRight";
				INFOPLIST_KEY_UISupportedInterfaceOrientations_iPhone = "UIInterfaceOrientationPortrait UIInterfaceOrientationLandscapeLeft UIInterfaceOrientationLandscapeRight";
				LD_RUNPATH_SEARCH_PATHS = (
					"$(inherited)",
					"@executable_path/Frameworks",
				);
				MARKETING_VERSION = 1.0;
				PRODUCT_BUNDLE_IDENTIFIER = "com.example.MVC-2";
				PRODUCT_NAME = "$(TARGET_NAME)";
				SWIFT_EMIT_LOC_STRINGS = YES;
				SWIFT_VERSION = 5.0;
				TARGETED_DEVICE_FAMILY = "1,2";
			};
			name = Release;
		};
/* End XCBuildConfiguration section */

/* Begin XCConfigurationList section */
		AB1C9886292E1FE4006B9460 /* Build configuration list for PBXProject "MVC-2" */ = {
			isa = XCConfigurationList;
			buildConfigurations = (
				AB1C989D292E1FE6006B9460 /* Debug */,
				AB1C989E292E1FE6006B9460 /* Release */,
			);
			defaultConfigurationIsVisible = 0;
			defaultConfigurationName = Release;
		};
		AB1C989F292E1FE6006B9460 /* Build configuration list for PBXNativeTarget "MVC-2" */ = {
			isa = XCConfigurationList;
			buildConfigurations = (
				AB1C98A0292E1FE6006B9460 /* Debug */,
				AB1C98A1292E1FE6006B9460 /* Release */,
			);
			defaultConfigurationIsVisible = 0;
			defaultConfigurationName = Release;
		};
/* End XCConfigurationList section */
	};
	rootObject = AB1C9883292E1FE4006B9460 /* Project object */;
}
